// !$*UTF8*$!
{
	archiveVersion = 1;
	classes = {
	};
	objectVersion = 55;
	objects = {

/* Begin PBXBuildFile section */
		2D0B6796276744D1000CE6B6 /* DynamicHeight.swift in Sources */ = {isa = PBXBuildFile; fileRef = 2D0B6795276744D1000CE6B6 /* DynamicHeight.swift */; };
		2D163B3C27BBF2EA002EDACD /* CurrentWeatherParametersTableViewCell.xib in Resources */ = {isa = PBXBuildFile; fileRef = 2D163B3B27BBF2EA002EDACD /* CurrentWeatherParametersTableViewCell.xib */; };
		2D163B4227BEB8A9002EDACD /* ModelDayOfTheWeekDataTableViewCell.swift in Sources */ = {isa = PBXBuildFile; fileRef = 2D163B4127BEB8A9002EDACD /* ModelDayOfTheWeekDataTableViewCell.swift */; };
		2D163B4527BEBAFA002EDACD /* DayOfTheWeekDataViewController.swift in Sources */ = {isa = PBXBuildFile; fileRef = 2D163B4427BEBAFA002EDACD /* DayOfTheWeekDataViewController.swift */; };
		2D163B4927BFE6A7002EDACD /* DayOfTheWeekDataViewController + Extension.swift in Sources */ = {isa = PBXBuildFile; fileRef = 2D163B4827BFE6A7002EDACD /* DayOfTheWeekDataViewController + Extension.swift */; };
		2D1BD724276A670F004E3D25 /* IconModel.swift in Sources */ = {isa = PBXBuildFile; fileRef = 2D1BD723276A670F004E3D25 /* IconModel.swift */; };
		2D1CA59E27724615009715A7 /* WeatherResponseProtocol.swift in Sources */ = {isa = PBXBuildFile; fileRef = 2D1CA59D27724615009715A7 /* WeatherResponseProtocol.swift */; };
		2D1CA5A0277248A5009715A7 /* WeatherResponseImplementation.swift in Sources */ = {isa = PBXBuildFile; fileRef = 2D1CA59F277248A5009715A7 /* WeatherResponseImplementation.swift */; };
		2D23373427A9355000AD05DD /* WeatherForTheWeekTableViewCell.swift in Sources */ = {isa = PBXBuildFile; fileRef = 2D23373327A9355000AD05DD /* WeatherForTheWeekTableViewCell.swift */; };
		2D23373D27A93C5F00AD05DD /* WeatherForTheWeekTableViewCell.xib in Resources */ = {isa = PBXBuildFile; fileRef = 2D23373C27A93C5F00AD05DD /* WeatherForTheWeekTableViewCell.xib */; };
		2D2F2737275E036D00170224 /* WeatherForTheWholeDayTableViewCell.swift in Sources */ = {isa = PBXBuildFile; fileRef = 2D2F2735275E036D00170224 /* WeatherForTheWholeDayTableViewCell.swift */; };
		2D2F2738275E036D00170224 /* WeatherForTheWholeDayTableViewCell.xib in Resources */ = {isa = PBXBuildFile; fileRef = 2D2F2736275E036D00170224 /* WeatherForTheWholeDayTableViewCell.xib */; };
		2D2F273C275E099A00170224 /* WeekCollectionViewCell.swift in Sources */ = {isa = PBXBuildFile; fileRef = 2D2F273B275E099A00170224 /* WeekCollectionViewCell.swift */; };
		2D31A90D2758E418003DA1AD /* AppDelegate.swift in Sources */ = {isa = PBXBuildFile; fileRef = 2D31A90C2758E418003DA1AD /* AppDelegate.swift */; };
		2D31A90F2758E418003DA1AD /* SceneDelegate.swift in Sources */ = {isa = PBXBuildFile; fileRef = 2D31A90E2758E418003DA1AD /* SceneDelegate.swift */; };
		2D31A9142758E418003DA1AD /* Main.storyboard in Resources */ = {isa = PBXBuildFile; fileRef = 2D31A9122758E418003DA1AD /* Main.storyboard */; };
		2D31A9162758E41B003DA1AD /* Assets.xcassets in Resources */ = {isa = PBXBuildFile; fileRef = 2D31A9152758E41B003DA1AD /* Assets.xcassets */; };
		2D31A9192758E41B003DA1AD /* LaunchScreen.storyboard in Resources */ = {isa = PBXBuildFile; fileRef = 2D31A9172758E41B003DA1AD /* LaunchScreen.storyboard */; };
		2D31A9212758EA2E003DA1AD /* MainViewController.swift in Sources */ = {isa = PBXBuildFile; fileRef = 2D31A9202758EA2E003DA1AD /* MainViewController.swift */; };
		2D31A9242758F391003DA1AD /* MainViewController + Extension.swift in Sources */ = {isa = PBXBuildFile; fileRef = 2D31A9232758F391003DA1AD /* MainViewController + Extension.swift */; };
		2D3D08CE275D1B0B000EBD2C /* CurrentWeatherTableViewCell.swift in Sources */ = {isa = PBXBuildFile; fileRef = 2D3D08CC275D1B0B000EBD2C /* CurrentWeatherTableViewCell.swift */; };
		2D3D08CF275D1B0B000EBD2C /* CurrentWeatherTableViewCell.xib in Resources */ = {isa = PBXBuildFile; fileRef = 2D3D08CD275D1B0B000EBD2C /* CurrentWeatherTableViewCell.xib */; };
		2D462FCA2763BFC1003EBBD8 /* WeatherForAWeekTableViewCell + Extension.swift in Sources */ = {isa = PBXBuildFile; fileRef = 2D462FC92763BFC1003EBBD8 /* WeatherForAWeekTableViewCell + Extension.swift */; };
		2D4BB2022761E22D00C8DC57 /* Parameters.swift in Sources */ = {isa = PBXBuildFile; fileRef = 2D4BB2012761E22D00C8DC57 /* Parameters.swift */; };
		2D4BB2042761E73D00C8DC57 /* WeatherResponse.swift in Sources */ = {isa = PBXBuildFile; fileRef = 2D4BB2032761E73D00C8DC57 /* WeatherResponse.swift */; };
		2D935C4C276B84250053F737 /* SearcherViewController.swift in Sources */ = {isa = PBXBuildFile; fileRef = 2D935C4B276B84250053F737 /* SearcherViewController.swift */; };
		2D9B375D27EE0A0300ADA68C /* Snow.sks in Resources */ = {isa = PBXBuildFile; fileRef = 2D9B375C27EE0A0300ADA68C /* Snow.sks */; };
		2D9B375F27EE10C500ADA68C /* Rain.sks in Resources */ = {isa = PBXBuildFile; fileRef = 2D9B375E27EE10C500ADA68C /* Rain.sks */; };
		2DBB4A7827BBA89B00A1932B /* CurrentWeatherParametersTableViewCell.swift in Sources */ = {isa = PBXBuildFile; fileRef = 2DBB4A7727BBA89B00A1932B /* CurrentWeatherParametersTableViewCell.swift */; };
		2DC1F4062761310F0002BC9D /* DataApi.swift in Sources */ = {isa = PBXBuildFile; fileRef = 2DC1F4052761310F0002BC9D /* DataApi.swift */; };
		2DC7743728042758005C9078 /* CloudySkyDay.swift in Sources */ = {isa = PBXBuildFile; fileRef = 2DC7743628042758005C9078 /* CloudySkyDay.swift */; };
		2DC77439280427E4005C9078 /* CloudySkyDay.sks in Resources */ = {isa = PBXBuildFile; fileRef = 2DC77438280427E4005C9078 /* CloudySkyDay.sks */; };
		2DC7743E28042C77005C9078 /* CloudySkyNight.swift in Sources */ = {isa = PBXBuildFile; fileRef = 2DC7743D28042C77005C9078 /* CloudySkyNight.swift */; };
		2DC7744028042DA7005C9078 /* CloudySkyNight.sks in Resources */ = {isa = PBXBuildFile; fileRef = 2DC7743F28042DA7005C9078 /* CloudySkyNight.sks */; };
		2DC7744228042E77005C9078 /* ClearSkyDay.swift in Sources */ = {isa = PBXBuildFile; fileRef = 2DC7744128042E77005C9078 /* ClearSkyDay.swift */; };
		2DC7744428042EF9005C9078 /* ClearSkyDay.sks in Resources */ = {isa = PBXBuildFile; fileRef = 2DC7744328042EF9005C9078 /* ClearSkyDay.sks */; };
		2DC7744628042F45005C9078 /* ClearSkyNight.swift in Sources */ = {isa = PBXBuildFile; fileRef = 2DC7744528042F45005C9078 /* ClearSkyNight.swift */; };
		2DC774482804302A005C9078 /* ClearSkyNight.sks in Resources */ = {isa = PBXBuildFile; fileRef = 2DC774472804302A005C9078 /* ClearSkyNight.sks */; };
		2DC7744A2804321C005C9078 /* RainDay.swift in Sources */ = {isa = PBXBuildFile; fileRef = 2DC774492804321C005C9078 /* RainDay.swift */; };
		2DC7744C28043285005C9078 /* RainDay.sks in Resources */ = {isa = PBXBuildFile; fileRef = 2DC7744B28043285005C9078 /* RainDay.sks */; };
		2DC7744E280432EE005C9078 /* RainNight.swift in Sources */ = {isa = PBXBuildFile; fileRef = 2DC7744D280432EE005C9078 /* RainNight.swift */; };
		2DC774502804336D005C9078 /* RainNight.sks in Resources */ = {isa = PBXBuildFile; fileRef = 2DC7744F2804336D005C9078 /* RainNight.sks */; };
		2DC77452280433A1005C9078 /* ThunderstormDay.swift in Sources */ = {isa = PBXBuildFile; fileRef = 2DC77451280433A1005C9078 /* ThunderstormDay.swift */; };
		2DC7745428043432005C9078 /* ThunderstormDay.sks in Resources */ = {isa = PBXBuildFile; fileRef = 2DC7745328043432005C9078 /* ThunderstormDay.sks */; };
		2DC7745628043489005C9078 /* ThunderstormNight.swift in Sources */ = {isa = PBXBuildFile; fileRef = 2DC7745528043489005C9078 /* ThunderstormNight.swift */; };
		2DC77458280434F5005C9078 /* ThunderstormNight.sks in Resources */ = {isa = PBXBuildFile; fileRef = 2DC77457280434F5005C9078 /* ThunderstormNight.sks */; };
		2DC7745A2804352B005C9078 /* SnowDay.swift in Sources */ = {isa = PBXBuildFile; fileRef = 2DC774592804352B005C9078 /* SnowDay.swift */; };
		2DC7745C280435AD005C9078 /* SnowDay.sks in Resources */ = {isa = PBXBuildFile; fileRef = 2DC7745B280435AD005C9078 /* SnowDay.sks */; };
		2DC7745E28043616005C9078 /* SnowNight.swift in Sources */ = {isa = PBXBuildFile; fileRef = 2DC7745D28043616005C9078 /* SnowNight.swift */; };
		2DC7746028043673005C9078 /* SnowNight.sks in Resources */ = {isa = PBXBuildFile; fileRef = 2DC7745F28043673005C9078 /* SnowNight.sks */; };
		2DC77462280436A3005C9078 /* Mist.swift in Sources */ = {isa = PBXBuildFile; fileRef = 2DC77461280436A3005C9078 /* Mist.swift */; };
		2DC774642804370A005C9078 /* Mist.sks in Resources */ = {isa = PBXBuildFile; fileRef = 2DC7746328043709005C9078 /* Mist.sks */; };
		2DC7746628049120005C9078 /* Сlouds.sks in Resources */ = {isa = PBXBuildFile; fileRef = 2DC7746528049120005C9078 /* Сlouds.sks */; };
		2DC7746828049482005C9078 /* StarrySky.sks in Resources */ = {isa = PBXBuildFile; fileRef = 2DC7746728049482005C9078 /* StarrySky.sks */; };
		2DC7746A280494A1005C9078 /* Thunderstorm.sks in Resources */ = {isa = PBXBuildFile; fileRef = 2DC77469280494A1005C9078 /* Thunderstorm.sks */; };
		2DC7746C280494AF005C9078 /* Mist2.sks in Resources */ = {isa = PBXBuildFile; fileRef = 2DC7746B280494AF005C9078 /* Mist2.sks */; };
		2DD04CA027C27FA400DB948B /* ModelDayOfTheWeekDataTableViewCell.xib in Resources */ = {isa = PBXBuildFile; fileRef = 2DD04C9F27C27FA400DB948B /* ModelDayOfTheWeekDataTableViewCell.xib */; };
		BB195F53F6F8F5B3EAAA359F /* Pods_WeatherApp.framework in Frameworks */ = {isa = PBXBuildFile; fileRef = DF0D0FD83463745490ACD5CA /* Pods_WeatherApp.framework */; };
/* End PBXBuildFile section */

/* Begin PBXFileReference section */
		2D0B6795276744D1000CE6B6 /* DynamicHeight.swift */ = {isa = PBXFileReference; lastKnownFileType = sourcecode.swift; path = DynamicHeight.swift; sourceTree = "<group>"; };
		2D163B3B27BBF2EA002EDACD /* CurrentWeatherParametersTableViewCell.xib */ = {isa = PBXFileReference; lastKnownFileType = file.xib; path = CurrentWeatherParametersTableViewCell.xib; sourceTree = "<group>"; };
		2D163B4127BEB8A9002EDACD /* ModelDayOfTheWeekDataTableViewCell.swift */ = {isa = PBXFileReference; lastKnownFileType = sourcecode.swift; path = ModelDayOfTheWeekDataTableViewCell.swift; sourceTree = "<group>"; };
		2D163B4427BEBAFA002EDACD /* DayOfTheWeekDataViewController.swift */ = {isa = PBXFileReference; lastKnownFileType = sourcecode.swift; path = DayOfTheWeekDataViewController.swift; sourceTree = "<group>"; };
		2D163B4827BFE6A7002EDACD /* DayOfTheWeekDataViewController + Extension.swift */ = {isa = PBXFileReference; lastKnownFileType = sourcecode.swift; path = "DayOfTheWeekDataViewController + Extension.swift"; sourceTree = "<group>"; };
		2D1BD723276A670F004E3D25 /* IconModel.swift */ = {isa = PBXFileReference; lastKnownFileType = sourcecode.swift; path = IconModel.swift; sourceTree = "<group>"; };
		2D1CA59D27724615009715A7 /* WeatherResponseProtocol.swift */ = {isa = PBXFileReference; lastKnownFileType = sourcecode.swift; path = WeatherResponseProtocol.swift; sourceTree = "<group>"; };
		2D1CA59F277248A5009715A7 /* WeatherResponseImplementation.swift */ = {isa = PBXFileReference; lastKnownFileType = sourcecode.swift; path = WeatherResponseImplementation.swift; sourceTree = "<group>"; };
		2D23373327A9355000AD05DD /* WeatherForTheWeekTableViewCell.swift */ = {isa = PBXFileReference; lastKnownFileType = sourcecode.swift; path = WeatherForTheWeekTableViewCell.swift; sourceTree = "<group>"; };
		2D23373C27A93C5F00AD05DD /* WeatherForTheWeekTableViewCell.xib */ = {isa = PBXFileReference; lastKnownFileType = file.xib; path = WeatherForTheWeekTableViewCell.xib; sourceTree = "<group>"; };
		2D2F2735275E036D00170224 /* WeatherForTheWholeDayTableViewCell.swift */ = {isa = PBXFileReference; lastKnownFileType = sourcecode.swift; path = WeatherForTheWholeDayTableViewCell.swift; sourceTree = "<group>"; };
		2D2F2736275E036D00170224 /* WeatherForTheWholeDayTableViewCell.xib */ = {isa = PBXFileReference; lastKnownFileType = file.xib; path = WeatherForTheWholeDayTableViewCell.xib; sourceTree = "<group>"; };
		2D2F273B275E099A00170224 /* WeekCollectionViewCell.swift */ = {isa = PBXFileReference; lastKnownFileType = sourcecode.swift; path = WeekCollectionViewCell.swift; sourceTree = "<group>"; };
		2D31A9092758E418003DA1AD /* WeatherApp.app */ = {isa = PBXFileReference; explicitFileType = wrapper.application; includeInIndex = 0; path = WeatherApp.app; sourceTree = BUILT_PRODUCTS_DIR; };
		2D31A90C2758E418003DA1AD /* AppDelegate.swift */ = {isa = PBXFileReference; lastKnownFileType = sourcecode.swift; path = AppDelegate.swift; sourceTree = "<group>"; };
		2D31A90E2758E418003DA1AD /* SceneDelegate.swift */ = {isa = PBXFileReference; lastKnownFileType = sourcecode.swift; path = SceneDelegate.swift; sourceTree = "<group>"; };
		2D31A9132758E418003DA1AD /* Base */ = {isa = PBXFileReference; lastKnownFileType = file.storyboard; name = Base; path = Base.lproj/Main.storyboard; sourceTree = "<group>"; };
		2D31A9152758E41B003DA1AD /* Assets.xcassets */ = {isa = PBXFileReference; lastKnownFileType = folder.assetcatalog; path = Assets.xcassets; sourceTree = "<group>"; };
		2D31A9182758E41B003DA1AD /* Base */ = {isa = PBXFileReference; lastKnownFileType = file.storyboard; name = Base; path = Base.lproj/LaunchScreen.storyboard; sourceTree = "<group>"; };
		2D31A91A2758E41B003DA1AD /* Info.plist */ = {isa = PBXFileReference; lastKnownFileType = text.plist.xml; path = Info.plist; sourceTree = "<group>"; };
		2D31A9202758EA2E003DA1AD /* MainViewController.swift */ = {isa = PBXFileReference; lastKnownFileType = sourcecode.swift; path = MainViewController.swift; sourceTree = "<group>"; };
		2D31A9232758F391003DA1AD /* MainViewController + Extension.swift */ = {isa = PBXFileReference; lastKnownFileType = sourcecode.swift; path = "MainViewController + Extension.swift"; sourceTree = "<group>"; };
		2D3D08CC275D1B0B000EBD2C /* CurrentWeatherTableViewCell.swift */ = {isa = PBXFileReference; lastKnownFileType = sourcecode.swift; path = CurrentWeatherTableViewCell.swift; sourceTree = "<group>"; };
		2D3D08CD275D1B0B000EBD2C /* CurrentWeatherTableViewCell.xib */ = {isa = PBXFileReference; lastKnownFileType = file.xib; path = CurrentWeatherTableViewCell.xib; sourceTree = "<group>"; };
		2D462FC92763BFC1003EBBD8 /* WeatherForAWeekTableViewCell + Extension.swift */ = {isa = PBXFileReference; lastKnownFileType = sourcecode.swift; path = "WeatherForAWeekTableViewCell + Extension.swift"; sourceTree = "<group>"; };
		2D4BB2012761E22D00C8DC57 /* Parameters.swift */ = {isa = PBXFileReference; lastKnownFileType = sourcecode.swift; path = Parameters.swift; sourceTree = "<group>"; };
		2D4BB2032761E73D00C8DC57 /* WeatherResponse.swift */ = {isa = PBXFileReference; lastKnownFileType = sourcecode.swift; path = WeatherResponse.swift; sourceTree = "<group>"; };
		2D935C4B276B84250053F737 /* SearcherViewController.swift */ = {isa = PBXFileReference; lastKnownFileType = sourcecode.swift; path = SearcherViewController.swift; sourceTree = "<group>"; };
		2D9B375C27EE0A0300ADA68C /* Snow.sks */ = {isa = PBXFileReference; lastKnownFileType = file.sks; path = Snow.sks; sourceTree = "<group>"; };
		2D9B375E27EE10C500ADA68C /* Rain.sks */ = {isa = PBXFileReference; lastKnownFileType = file.sks; path = Rain.sks; sourceTree = "<group>"; };
		2DBB4A7727BBA89B00A1932B /* CurrentWeatherParametersTableViewCell.swift */ = {isa = PBXFileReference; lastKnownFileType = sourcecode.swift; path = CurrentWeatherParametersTableViewCell.swift; sourceTree = "<group>"; };
		2DC1F4052761310F0002BC9D /* DataApi.swift */ = {isa = PBXFileReference; lastKnownFileType = sourcecode.swift; path = DataApi.swift; sourceTree = "<group>"; };
		2DC7743628042758005C9078 /* CloudySkyDay.swift */ = {isa = PBXFileReference; lastKnownFileType = sourcecode.swift; path = CloudySkyDay.swift; sourceTree = "<group>"; };
		2DC77438280427E4005C9078 /* CloudySkyDay.sks */ = {isa = PBXFileReference; lastKnownFileType = file.sks; path = CloudySkyDay.sks; sourceTree = "<group>"; };
		2DC7743D28042C77005C9078 /* CloudySkyNight.swift */ = {isa = PBXFileReference; lastKnownFileType = sourcecode.swift; path = CloudySkyNight.swift; sourceTree = "<group>"; };
		2DC7743F28042DA7005C9078 /* CloudySkyNight.sks */ = {isa = PBXFileReference; lastKnownFileType = file.sks; path = CloudySkyNight.sks; sourceTree = "<group>"; };
		2DC7744128042E77005C9078 /* ClearSkyDay.swift */ = {isa = PBXFileReference; lastKnownFileType = sourcecode.swift; path = ClearSkyDay.swift; sourceTree = "<group>"; };
		2DC7744328042EF9005C9078 /* ClearSkyDay.sks */ = {isa = PBXFileReference; lastKnownFileType = file.sks; path = ClearSkyDay.sks; sourceTree = "<group>"; };
		2DC7744528042F45005C9078 /* ClearSkyNight.swift */ = {isa = PBXFileReference; lastKnownFileType = sourcecode.swift; path = ClearSkyNight.swift; sourceTree = "<group>"; };
		2DC774472804302A005C9078 /* ClearSkyNight.sks */ = {isa = PBXFileReference; lastKnownFileType = file.sks; path = ClearSkyNight.sks; sourceTree = "<group>"; };
		2DC774492804321C005C9078 /* RainDay.swift */ = {isa = PBXFileReference; lastKnownFileType = sourcecode.swift; path = RainDay.swift; sourceTree = "<group>"; };
		2DC7744B28043285005C9078 /* RainDay.sks */ = {isa = PBXFileReference; lastKnownFileType = file.sks; path = RainDay.sks; sourceTree = "<group>"; };
		2DC7744D280432EE005C9078 /* RainNight.swift */ = {isa = PBXFileReference; lastKnownFileType = sourcecode.swift; path = RainNight.swift; sourceTree = "<group>"; };
		2DC7744F2804336D005C9078 /* RainNight.sks */ = {isa = PBXFileReference; lastKnownFileType = file.sks; path = RainNight.sks; sourceTree = "<group>"; };
		2DC77451280433A1005C9078 /* ThunderstormDay.swift */ = {isa = PBXFileReference; lastKnownFileType = sourcecode.swift; path = ThunderstormDay.swift; sourceTree = "<group>"; };
		2DC7745328043432005C9078 /* ThunderstormDay.sks */ = {isa = PBXFileReference; lastKnownFileType = file.sks; path = ThunderstormDay.sks; sourceTree = "<group>"; };
		2DC7745528043489005C9078 /* ThunderstormNight.swift */ = {isa = PBXFileReference; lastKnownFileType = sourcecode.swift; path = ThunderstormNight.swift; sourceTree = "<group>"; };
		2DC77457280434F5005C9078 /* ThunderstormNight.sks */ = {isa = PBXFileReference; lastKnownFileType = file.sks; path = ThunderstormNight.sks; sourceTree = "<group>"; };
		2DC774592804352B005C9078 /* SnowDay.swift */ = {isa = PBXFileReference; lastKnownFileType = sourcecode.swift; path = SnowDay.swift; sourceTree = "<group>"; };
		2DC7745B280435AD005C9078 /* SnowDay.sks */ = {isa = PBXFileReference; lastKnownFileType = file.sks; path = SnowDay.sks; sourceTree = "<group>"; };
		2DC7745D28043616005C9078 /* SnowNight.swift */ = {isa = PBXFileReference; lastKnownFileType = sourcecode.swift; path = SnowNight.swift; sourceTree = "<group>"; };
		2DC7745F28043673005C9078 /* SnowNight.sks */ = {isa = PBXFileReference; lastKnownFileType = file.sks; path = SnowNight.sks; sourceTree = "<group>"; };
		2DC77461280436A3005C9078 /* Mist.swift */ = {isa = PBXFileReference; lastKnownFileType = sourcecode.swift; path = Mist.swift; sourceTree = "<group>"; };
		2DC7746328043709005C9078 /* Mist.sks */ = {isa = PBXFileReference; lastKnownFileType = file.sks; path = Mist.sks; sourceTree = "<group>"; };
		2DC7746528049120005C9078 /* Сlouds.sks */ = {isa = PBXFileReference; lastKnownFileType = file.sks; path = "Сlouds.sks"; sourceTree = "<group>"; };
		2DC7746728049482005C9078 /* StarrySky.sks */ = {isa = PBXFileReference; lastKnownFileType = file.sks; path = StarrySky.sks; sourceTree = "<group>"; };
		2DC77469280494A1005C9078 /* Thunderstorm.sks */ = {isa = PBXFileReference; lastKnownFileType = file.sks; path = Thunderstorm.sks; sourceTree = "<group>"; };
		2DC7746B280494AF005C9078 /* Mist2.sks */ = {isa = PBXFileReference; lastKnownFileType = file.sks; path = Mist2.sks; sourceTree = "<group>"; };
		2DD04C9F27C27FA400DB948B /* ModelDayOfTheWeekDataTableViewCell.xib */ = {isa = PBXFileReference; lastKnownFileType = file.xib; path = ModelDayOfTheWeekDataTableViewCell.xib; sourceTree = "<group>"; };
		54AB64AAD953E1A1B34821DA /* Pods-WeatherApp.debug.xcconfig */ = {isa = PBXFileReference; includeInIndex = 1; lastKnownFileType = text.xcconfig; name = "Pods-WeatherApp.debug.xcconfig"; path = "Target Support Files/Pods-WeatherApp/Pods-WeatherApp.debug.xcconfig"; sourceTree = "<group>"; };
		A15C7B582B1D2EFF846F09DC /* Pods-WeatherApp.release.xcconfig */ = {isa = PBXFileReference; includeInIndex = 1; lastKnownFileType = text.xcconfig; name = "Pods-WeatherApp.release.xcconfig"; path = "Target Support Files/Pods-WeatherApp/Pods-WeatherApp.release.xcconfig"; sourceTree = "<group>"; };
		DF0D0FD83463745490ACD5CA /* Pods_WeatherApp.framework */ = {isa = PBXFileReference; explicitFileType = wrapper.framework; includeInIndex = 0; path = Pods_WeatherApp.framework; sourceTree = BUILT_PRODUCTS_DIR; };
/* End PBXFileReference section */

/* Begin PBXFrameworksBuildPhase section */
		2D31A9062758E418003DA1AD /* Frameworks */ = {
			isa = PBXFrameworksBuildPhase;
			buildActionMask = 2147483647;
			files = (
				BB195F53F6F8F5B3EAAA359F /* Pods_WeatherApp.framework in Frameworks */,
			);
			runOnlyForDeploymentPostprocessing = 0;
		};
/* End PBXFrameworksBuildPhase section */

/* Begin PBXGroup section */
		2BD335DE4C862D3B7B3465D9 /* Frameworks */ = {
			isa = PBXGroup;
			children = (
				DF0D0FD83463745490ACD5CA /* Pods_WeatherApp.framework */,
			);
			name = Frameworks;
			sourceTree = "<group>";
		};
		2D0179DF276E1A8F001E6E81 /* ViewConrollers */ = {
			isa = PBXGroup;
			children = (
				2D31A9202758EA2E003DA1AD /* MainViewController.swift */,
				2D935C4B276B84250053F737 /* SearcherViewController.swift */,
				2D163B4427BEBAFA002EDACD /* DayOfTheWeekDataViewController.swift */,
			);
			path = ViewConrollers;
			sourceTree = "<group>";
		};
		2D0179E0276E1B60001E6E81 /* CollectionViewCells */ = {
			isa = PBXGroup;
			children = (
				2D2F273B275E099A00170224 /* WeekCollectionViewCell.swift */,
				2D0B6795276744D1000CE6B6 /* DynamicHeight.swift */,
			);
			path = CollectionViewCells;
			sourceTree = "<group>";
		};
		2D1BD722276A2A3B004E3D25 /* Extension */ = {
			isa = PBXGroup;
			children = (
				2D31A9232758F391003DA1AD /* MainViewController + Extension.swift */,
				2D163B4827BFE6A7002EDACD /* DayOfTheWeekDataViewController + Extension.swift */,
				2D462FC92763BFC1003EBBD8 /* WeatherForAWeekTableViewCell + Extension.swift */,
			);
			path = Extension;
			sourceTree = "<group>";
		};
		2D1BD725276B4E92004E3D25 /* SupportingFiles */ = {
			isa = PBXGroup;
			children = (
				2D31A90C2758E418003DA1AD /* AppDelegate.swift */,
				2D31A90E2758E418003DA1AD /* SceneDelegate.swift */,
				2D31A9172758E41B003DA1AD /* LaunchScreen.storyboard */,
			);
			path = SupportingFiles;
			sourceTree = "<group>";
		};
		2D2F2739275E052400170224 /* TableViewCell */ = {
			isa = PBXGroup;
			children = (
				2D3D08CC275D1B0B000EBD2C /* CurrentWeatherTableViewCell.swift */,
				2D2F2735275E036D00170224 /* WeatherForTheWholeDayTableViewCell.swift */,
				2D23373327A9355000AD05DD /* WeatherForTheWeekTableViewCell.swift */,
				2DBB4A7727BBA89B00A1932B /* CurrentWeatherParametersTableViewCell.swift */,
				2D163B4127BEB8A9002EDACD /* ModelDayOfTheWeekDataTableViewCell.swift */,
			);
			path = TableViewCell;
			sourceTree = "<group>";
		};
		2D2F273A275E05CC00170224 /* XibCell */ = {
			isa = PBXGroup;
			children = (
				2D3D08CD275D1B0B000EBD2C /* CurrentWeatherTableViewCell.xib */,
				2D2F2736275E036D00170224 /* WeatherForTheWholeDayTableViewCell.xib */,
				2D23373C27A93C5F00AD05DD /* WeatherForTheWeekTableViewCell.xib */,
				2D163B3B27BBF2EA002EDACD /* CurrentWeatherParametersTableViewCell.xib */,
				2DD04C9F27C27FA400DB948B /* ModelDayOfTheWeekDataTableViewCell.xib */,
			);
			path = XibCell;
			sourceTree = "<group>";
		};
		2D31A9002758E418003DA1AD = {
			isa = PBXGroup;
			children = (
				2D31A90B2758E418003DA1AD /* WeatherApp */,
				2D31A90A2758E418003DA1AD /* Products */,
				DA5E0DD49F313B2753102DAF /* Pods */,
				2BD335DE4C862D3B7B3465D9 /* Frameworks */,
			);
			sourceTree = "<group>";
		};
		2D31A90A2758E418003DA1AD /* Products */ = {
			isa = PBXGroup;
			children = (
				2D31A9092758E418003DA1AD /* WeatherApp.app */,
			);
			name = Products;
			sourceTree = "<group>";
		};
		2D31A90B2758E418003DA1AD /* WeatherApp */ = {
			isa = PBXGroup;
			children = (
				2DC77435280302FB005C9078 /* Animation */,
				2D1BD725276B4E92004E3D25 /* SupportingFiles */,
				2D4BB2052761F1D800C8DC57 /* JsonResponse */,
				2D4BB2062761F23B00C8DC57 /* ParametersApi */,
				2D2F2739275E052400170224 /* TableViewCell */,
				2D0179E0276E1B60001E6E81 /* CollectionViewCells */,
				2D1BD722276A2A3B004E3D25 /* Extension */,
				2D0179DF276E1A8F001E6E81 /* ViewConrollers */,
				2D2F273A275E05CC00170224 /* XibCell */,
				2D31A9122758E418003DA1AD /* Main.storyboard */,
				2D31A9152758E41B003DA1AD /* Assets.xcassets */,
				2D31A91A2758E41B003DA1AD /* Info.plist */,
			);
			path = WeatherApp;
			sourceTree = "<group>";
		};
		2D4BB2052761F1D800C8DC57 /* JsonResponse */ = {
			isa = PBXGroup;
			children = (
				2D4BB2032761E73D00C8DC57 /* WeatherResponse.swift */,
			);
			path = JsonResponse;
			sourceTree = "<group>";
		};
		2D4BB2062761F23B00C8DC57 /* ParametersApi */ = {
			isa = PBXGroup;
			children = (
				2D4BB2012761E22D00C8DC57 /* Parameters.swift */,
				2DC1F4052761310F0002BC9D /* DataApi.swift */,
				2D1BD723276A670F004E3D25 /* IconModel.swift */,
				2D1CA59D27724615009715A7 /* WeatherResponseProtocol.swift */,
				2D1CA59F277248A5009715A7 /* WeatherResponseImplementation.swift */,
			);
			path = ParametersApi;
			sourceTree = "<group>";
		};
		2DC77435280302FB005C9078 /* Animation */ = {
			isa = PBXGroup;
			children = (
				2DC7743C28042BDF005C9078 /* Particle */,
				2DC7743B28042BCC005C9078 /* Scene */,
				2DC7743A28042B9E005C9078 /* Class */,
			);
			name = Animation;
			sourceTree = "<group>";
		};
		2DC7743A28042B9E005C9078 /* Class */ = {
			isa = PBXGroup;
			children = (
				2DC7743628042758005C9078 /* CloudySkyDay.swift */,
				2DC7743D28042C77005C9078 /* CloudySkyNight.swift */,
				2DC7744128042E77005C9078 /* ClearSkyDay.swift */,
				2DC7744528042F45005C9078 /* ClearSkyNight.swift */,
				2DC774492804321C005C9078 /* RainDay.swift */,
				2DC7744D280432EE005C9078 /* RainNight.swift */,
				2DC77451280433A1005C9078 /* ThunderstormDay.swift */,
				2DC7745528043489005C9078 /* ThunderstormNight.swift */,
				2DC774592804352B005C9078 /* SnowDay.swift */,
				2DC7745D28043616005C9078 /* SnowNight.swift */,
				2DC77461280436A3005C9078 /* Mist.swift */,
			);
			path = Class;
			sourceTree = "<group>";
		};
		2DC7743B28042BCC005C9078 /* Scene */ = {
			isa = PBXGroup;
			children = (
				2DC77438280427E4005C9078 /* CloudySkyDay.sks */,
				2DC7743F28042DA7005C9078 /* CloudySkyNight.sks */,
				2DC7744328042EF9005C9078 /* ClearSkyDay.sks */,
				2DC774472804302A005C9078 /* ClearSkyNight.sks */,
				2DC7744B28043285005C9078 /* RainDay.sks */,
				2DC7744F2804336D005C9078 /* RainNight.sks */,
				2DC7745328043432005C9078 /* ThunderstormDay.sks */,
				2DC77457280434F5005C9078 /* ThunderstormNight.sks */,
				2DC7745B280435AD005C9078 /* SnowDay.sks */,
				2DC7745F28043673005C9078 /* SnowNight.sks */,
				2DC7746328043709005C9078 /* Mist.sks */,
			);
			name = Scene;
			sourceTree = "<group>";
		};
		2DC7743C28042BDF005C9078 /* Particle */ = {
			isa = PBXGroup;
			children = (
				2D9B375C27EE0A0300ADA68C /* Snow.sks */,
				2D9B375E27EE10C500ADA68C /* Rain.sks */,
				2DC7746528049120005C9078 /* Сlouds.sks */,
				2DC7746728049482005C9078 /* StarrySky.sks */,
				2DC77469280494A1005C9078 /* Thunderstorm.sks */,
				2DC7746B280494AF005C9078 /* Mist2.sks */,
			);
			name = Particle;
			sourceTree = "<group>";
		};
		DA5E0DD49F313B2753102DAF /* Pods */ = {
			isa = PBXGroup;
			children = (
				54AB64AAD953E1A1B34821DA /* Pods-WeatherApp.debug.xcconfig */,
				A15C7B582B1D2EFF846F09DC /* Pods-WeatherApp.release.xcconfig */,
			);
			path = Pods;
			sourceTree = "<group>";
		};
/* End PBXGroup section */

/* Begin PBXNativeTarget section */
		2D31A9082758E418003DA1AD /* WeatherApp */ = {
			isa = PBXNativeTarget;
			buildConfigurationList = 2D31A91D2758E41B003DA1AD /* Build configuration list for PBXNativeTarget "WeatherApp" */;
			buildPhases = (
				4F226E38AE452C1FA6A15CAC /* [CP] Check Pods Manifest.lock */,
				2D31A9052758E418003DA1AD /* Sources */,
				2D31A9062758E418003DA1AD /* Frameworks */,
				2D31A9072758E418003DA1AD /* Resources */,
				E907DD3300060EB96F026263 /* [CP] Embed Pods Frameworks */,
			);
			buildRules = (
			);
			dependencies = (
			);
			name = WeatherApp;
			productName = WeatherApp;
			productReference = 2D31A9092758E418003DA1AD /* WeatherApp.app */;
			productType = "com.apple.product-type.application";
		};
/* End PBXNativeTarget section */

/* Begin PBXProject section */
		2D31A9012758E418003DA1AD /* Project object */ = {
			isa = PBXProject;
			attributes = {
				BuildIndependentTargetsInParallel = 1;
				LastSwiftUpdateCheck = 1300;
				LastUpgradeCheck = 1300;
				TargetAttributes = {
					2D31A9082758E418003DA1AD = {
						CreatedOnToolsVersion = 13.0;
					};
				};
			};
			buildConfigurationList = 2D31A9042758E418003DA1AD /* Build configuration list for PBXProject "WeatherApp" */;
			compatibilityVersion = "Xcode 13.0";
			developmentRegion = en;
			hasScannedForEncodings = 0;
			knownRegions = (
				en,
				Base,
			);
			mainGroup = 2D31A9002758E418003DA1AD;
			productRefGroup = 2D31A90A2758E418003DA1AD /* Products */;
			projectDirPath = "";
			projectRoot = "";
			targets = (
				2D31A9082758E418003DA1AD /* WeatherApp */,
			);
		};
/* End PBXProject section */

/* Begin PBXResourcesBuildPhase section */
		2D31A9072758E418003DA1AD /* Resources */ = {
			isa = PBXResourcesBuildPhase;
			buildActionMask = 2147483647;
			files = (
				2DC774502804336D005C9078 /* RainNight.sks in Resources */,
				2DC7744428042EF9005C9078 /* ClearSkyDay.sks in Resources */,
				2DC7744C28043285005C9078 /* RainDay.sks in Resources */,
				2DC774642804370A005C9078 /* Mist.sks in Resources */,
				2DC7746C280494AF005C9078 /* Mist2.sks in Resources */,
				2D9B375D27EE0A0300ADA68C /* Snow.sks in Resources */,
				2DC7746628049120005C9078 /* Сlouds.sks in Resources */,
				2DC7745C280435AD005C9078 /* SnowDay.sks in Resources */,
				2DC77439280427E4005C9078 /* CloudySkyDay.sks in Resources */,
				2D23373D27A93C5F00AD05DD /* WeatherForTheWeekTableViewCell.xib in Resources */,
				2D31A9192758E41B003DA1AD /* LaunchScreen.storyboard in Resources */,
				2D9B375F27EE10C500ADA68C /* Rain.sks in Resources */,
				2DC7744028042DA7005C9078 /* CloudySkyNight.sks in Resources */,
				2D31A9162758E41B003DA1AD /* Assets.xcassets in Resources */,
				2D3D08CF275D1B0B000EBD2C /* CurrentWeatherTableViewCell.xib in Resources */,
				2DC7746A280494A1005C9078 /* Thunderstorm.sks in Resources */,
				2DC7745428043432005C9078 /* ThunderstormDay.sks in Resources */,
				2DC7746028043673005C9078 /* SnowNight.sks in Resources */,
				2D163B3C27BBF2EA002EDACD /* CurrentWeatherParametersTableViewCell.xib in Resources */,
				2DD04CA027C27FA400DB948B /* ModelDayOfTheWeekDataTableViewCell.xib in Resources */,
				2D2F2738275E036D00170224 /* WeatherForTheWholeDayTableViewCell.xib in Resources */,
				2DC7746828049482005C9078 /* StarrySky.sks in Resources */,
				2DC77458280434F5005C9078 /* ThunderstormNight.sks in Resources */,
				2D31A9142758E418003DA1AD /* Main.storyboard in Resources */,
				2DC774482804302A005C9078 /* ClearSkyNight.sks in Resources */,
			);
			runOnlyForDeploymentPostprocessing = 0;
		};
/* End PBXResourcesBuildPhase section */

/* Begin PBXShellScriptBuildPhase section */
		4F226E38AE452C1FA6A15CAC /* [CP] Check Pods Manifest.lock */ = {
			isa = PBXShellScriptBuildPhase;
			buildActionMask = 2147483647;
			files = (
			);
			inputFileListPaths = (
			);
			inputPaths = (
				"${PODS_PODFILE_DIR_PATH}/Podfile.lock",
				"${PODS_ROOT}/Manifest.lock",
			);
			name = "[CP] Check Pods Manifest.lock";
			outputFileListPaths = (
			);
			outputPaths = (
				"$(DERIVED_FILE_DIR)/Pods-WeatherApp-checkManifestLockResult.txt",
			);
			runOnlyForDeploymentPostprocessing = 0;
			shellPath = /bin/sh;
			shellScript = "diff \"${PODS_PODFILE_DIR_PATH}/Podfile.lock\" \"${PODS_ROOT}/Manifest.lock\" > /dev/null\nif [ $? != 0 ] ; then\n    # print error to STDERR\n    echo \"error: The sandbox is not in sync with the Podfile.lock. Run 'pod install' or update your CocoaPods installation.\" >&2\n    exit 1\nfi\n# This output is used by Xcode 'outputs' to avoid re-running this script phase.\necho \"SUCCESS\" > \"${SCRIPT_OUTPUT_FILE_0}\"\n";
			showEnvVarsInLog = 0;
		};
		E907DD3300060EB96F026263 /* [CP] Embed Pods Frameworks */ = {
			isa = PBXShellScriptBuildPhase;
			buildActionMask = 2147483647;
			files = (
			);
			inputFileListPaths = (
				"${PODS_ROOT}/Target Support Files/Pods-WeatherApp/Pods-WeatherApp-frameworks-${CONFIGURATION}-input-files.xcfilelist",
			);
			name = "[CP] Embed Pods Frameworks";
			outputFileListPaths = (
				"${PODS_ROOT}/Target Support Files/Pods-WeatherApp/Pods-WeatherApp-frameworks-${CONFIGURATION}-output-files.xcfilelist",
			);
			runOnlyForDeploymentPostprocessing = 0;
			shellPath = /bin/sh;
			shellScript = "\"${PODS_ROOT}/Target Support Files/Pods-WeatherApp/Pods-WeatherApp-frameworks.sh\"\n";
			showEnvVarsInLog = 0;
		};
/* End PBXShellScriptBuildPhase section */

/* Begin PBXSourcesBuildPhase section */
		2D31A9052758E418003DA1AD /* Sources */ = {
			isa = PBXSourcesBuildPhase;
			buildActionMask = 2147483647;
			files = (
				2DC7744A2804321C005C9078 /* RainDay.swift in Sources */,
				2D0B6796276744D1000CE6B6 /* DynamicHeight.swift in Sources */,
				2DC77462280436A3005C9078 /* Mist.swift in Sources */,
				2DC7743E28042C77005C9078 /* CloudySkyNight.swift in Sources */,
				2DC7744628042F45005C9078 /* ClearSkyNight.swift in Sources */,
				2D163B4227BEB8A9002EDACD /* ModelDayOfTheWeekDataTableViewCell.swift in Sources */,
				2D31A9212758EA2E003DA1AD /* MainViewController.swift in Sources */,
				2D3D08CE275D1B0B000EBD2C /* CurrentWeatherTableViewCell.swift in Sources */,
				2DC7745A2804352B005C9078 /* SnowDay.swift in Sources */,
				2D163B4927BFE6A7002EDACD /* DayOfTheWeekDataViewController + Extension.swift in Sources */,
				2D2F2737275E036D00170224 /* WeatherForTheWholeDayTableViewCell.swift in Sources */,
				2D462FCA2763BFC1003EBBD8 /* WeatherForAWeekTableViewCell + Extension.swift in Sources */,
				2D4BB2042761E73D00C8DC57 /* WeatherResponse.swift in Sources */,
				2DC7745628043489005C9078 /* ThunderstormNight.swift in Sources */,
				2D1BD724276A670F004E3D25 /* IconModel.swift in Sources */,
				2D163B4527BEBAFA002EDACD /* DayOfTheWeekDataViewController.swift in Sources */,
				2D23373427A9355000AD05DD /* WeatherForTheWeekTableViewCell.swift in Sources */,
				2DC7744E280432EE005C9078 /* RainNight.swift in Sources */,
				2DC1F4062761310F0002BC9D /* DataApi.swift in Sources */,
				2DC7743728042758005C9078 /* CloudySkyDay.swift in Sources */,
				2DC7745E28043616005C9078 /* SnowNight.swift in Sources */,
				2DBB4A7827BBA89B00A1932B /* CurrentWeatherParametersTableViewCell.swift in Sources */,
				2D31A90D2758E418003DA1AD /* AppDelegate.swift in Sources */,
				2DC7744228042E77005C9078 /* ClearSkyDay.swift in Sources */,
				2D4BB2022761E22D00C8DC57 /* Parameters.swift in Sources */,
				2DC77452280433A1005C9078 /* ThunderstormDay.swift in Sources */,
				2D1CA5A0277248A5009715A7 /* WeatherResponseImplementation.swift in Sources */,
				2D935C4C276B84250053F737 /* SearcherViewController.swift in Sources */,
				2D31A90F2758E418003DA1AD /* SceneDelegate.swift in Sources */,
				2D31A9242758F391003DA1AD /* MainViewController + Extension.swift in Sources */,
				2D1CA59E27724615009715A7 /* WeatherResponseProtocol.swift in Sources */,
				2D2F273C275E099A00170224 /* WeekCollectionViewCell.swift in Sources */,
			);
			runOnlyForDeploymentPostprocessing = 0;
		};
/* End PBXSourcesBuildPhase section */

/* Begin PBXVariantGroup section */
		2D31A9122758E418003DA1AD /* Main.storyboard */ = {
			isa = PBXVariantGroup;
			children = (
				2D31A9132758E418003DA1AD /* Base */,
			);
			name = Main.storyboard;
			sourceTree = "<group>";
		};
		2D31A9172758E41B003DA1AD /* LaunchScreen.storyboard */ = {
			isa = PBXVariantGroup;
			children = (
				2D31A9182758E41B003DA1AD /* Base */,
			);
			name = LaunchScreen.storyboard;
			sourceTree = "<group>";
		};
/* End PBXVariantGroup section */

/* Begin XCBuildConfiguration section */
		2D31A91B2758E41B003DA1AD /* Debug */ = {
			isa = XCBuildConfiguration;
			buildSettings = {
				ALWAYS_SEARCH_USER_PATHS = NO;
				CLANG_ANALYZER_NONNULL = YES;
				CLANG_ANALYZER_NUMBER_OBJECT_CONVERSION = YES_AGGRESSIVE;
				CLANG_CXX_LANGUAGE_STANDARD = "gnu++17";
				CLANG_CXX_LIBRARY = "libc++";
				CLANG_ENABLE_MODULES = YES;
				CLANG_ENABLE_OBJC_ARC = YES;
				CLANG_ENABLE_OBJC_WEAK = YES;
				CLANG_WARN_BLOCK_CAPTURE_AUTORELEASING = YES;
				CLANG_WARN_BOOL_CONVERSION = YES;
				CLANG_WARN_COMMA = YES;
				CLANG_WARN_CONSTANT_CONVERSION = YES;
				CLANG_WARN_DEPRECATED_OBJC_IMPLEMENTATIONS = YES;
				CLANG_WARN_DIRECT_OBJC_ISA_USAGE = YES_ERROR;
				CLANG_WARN_DOCUMENTATION_COMMENTS = YES;
				CLANG_WARN_EMPTY_BODY = YES;
				CLANG_WARN_ENUM_CONVERSION = YES;
				CLANG_WARN_INFINITE_RECURSION = YES;
				CLANG_WARN_INT_CONVERSION = YES;
				CLANG_WARN_NON_LITERAL_NULL_CONVERSION = YES;
				CLANG_WARN_OBJC_IMPLICIT_RETAIN_SELF = YES;
				CLANG_WARN_OBJC_LITERAL_CONVERSION = YES;
				CLANG_WARN_OBJC_ROOT_CLASS = YES_ERROR;
				CLANG_WARN_QUOTED_INCLUDE_IN_FRAMEWORK_HEADER = YES;
				CLANG_WARN_RANGE_LOOP_ANALYSIS = YES;
				CLANG_WARN_STRICT_PROTOTYPES = YES;
				CLANG_WARN_SUSPICIOUS_MOVE = YES;
				CLANG_WARN_UNGUARDED_AVAILABILITY = YES_AGGRESSIVE;
				CLANG_WARN_UNREACHABLE_CODE = YES;
				CLANG_WARN__DUPLICATE_METHOD_MATCH = YES;
				COPY_PHASE_STRIP = NO;
				DEBUG_INFORMATION_FORMAT = dwarf;
				ENABLE_STRICT_OBJC_MSGSEND = YES;
				ENABLE_TESTABILITY = YES;
				GCC_C_LANGUAGE_STANDARD = gnu11;
				GCC_DYNAMIC_NO_PIC = NO;
				GCC_NO_COMMON_BLOCKS = YES;
				GCC_OPTIMIZATION_LEVEL = 0;
				GCC_PREPROCESSOR_DEFINITIONS = (
					"DEBUG=1",
					"$(inherited)",
				);
				GCC_WARN_64_TO_32_BIT_CONVERSION = YES;
				GCC_WARN_ABOUT_RETURN_TYPE = YES_ERROR;
				GCC_WARN_UNDECLARED_SELECTOR = YES;
				GCC_WARN_UNINITIALIZED_AUTOS = YES_AGGRESSIVE;
				GCC_WARN_UNUSED_FUNCTION = YES;
				GCC_WARN_UNUSED_VARIABLE = YES;
				IPHONEOS_DEPLOYMENT_TARGET = 15.0;
				MTL_ENABLE_DEBUG_INFO = INCLUDE_SOURCE;
				MTL_FAST_MATH = YES;
				ONLY_ACTIVE_ARCH = YES;
				SDKROOT = iphoneos;
				SWIFT_ACTIVE_COMPILATION_CONDITIONS = DEBUG;
				SWIFT_OPTIMIZATION_LEVEL = "-Onone";
			};
			name = Debug;
		};
		2D31A91C2758E41B003DA1AD /* Release */ = {
			isa = XCBuildConfiguration;
			buildSettings = {
				ALWAYS_SEARCH_USER_PATHS = NO;
				CLANG_ANALYZER_NONNULL = YES;
				CLANG_ANALYZER_NUMBER_OBJECT_CONVERSION = YES_AGGRESSIVE;
				CLANG_CXX_LANGUAGE_STANDARD = "gnu++17";
				CLANG_CXX_LIBRARY = "libc++";
				CLANG_ENABLE_MODULES = YES;
				CLANG_ENABLE_OBJC_ARC = YES;
				CLANG_ENABLE_OBJC_WEAK = YES;
				CLANG_WARN_BLOCK_CAPTURE_AUTORELEASING = YES;
				CLANG_WARN_BOOL_CONVERSION = YES;
				CLANG_WARN_COMMA = YES;
				CLANG_WARN_CONSTANT_CONVERSION = YES;
				CLANG_WARN_DEPRECATED_OBJC_IMPLEMENTATIONS = YES;
				CLANG_WARN_DIRECT_OBJC_ISA_USAGE = YES_ERROR;
				CLANG_WARN_DOCUMENTATION_COMMENTS = YES;
				CLANG_WARN_EMPTY_BODY = YES;
				CLANG_WARN_ENUM_CONVERSION = YES;
				CLANG_WARN_INFINITE_RECURSION = YES;
				CLANG_WARN_INT_CONVERSION = YES;
				CLANG_WARN_NON_LITERAL_NULL_CONVERSION = YES;
				CLANG_WARN_OBJC_IMPLICIT_RETAIN_SELF = YES;
				CLANG_WARN_OBJC_LITERAL_CONVERSION = YES;
				CLANG_WARN_OBJC_ROOT_CLASS = YES_ERROR;
				CLANG_WARN_QUOTED_INCLUDE_IN_FRAMEWORK_HEADER = YES;
				CLANG_WARN_RANGE_LOOP_ANALYSIS = YES;
				CLANG_WARN_STRICT_PROTOTYPES = YES;
				CLANG_WARN_SUSPICIOUS_MOVE = YES;
				CLANG_WARN_UNGUARDED_AVAILABILITY = YES_AGGRESSIVE;
				CLANG_WARN_UNREACHABLE_CODE = YES;
				CLANG_WARN__DUPLICATE_METHOD_MATCH = YES;
				COPY_PHASE_STRIP = NO;
				DEBUG_INFORMATION_FORMAT = "dwarf-with-dsym";
				ENABLE_NS_ASSERTIONS = NO;
				ENABLE_STRICT_OBJC_MSGSEND = YES;
				GCC_C_LANGUAGE_STANDARD = gnu11;
				GCC_NO_COMMON_BLOCKS = YES;
				GCC_WARN_64_TO_32_BIT_CONVERSION = YES;
				GCC_WARN_ABOUT_RETURN_TYPE = YES_ERROR;
				GCC_WARN_UNDECLARED_SELECTOR = YES;
				GCC_WARN_UNINITIALIZED_AUTOS = YES_AGGRESSIVE;
				GCC_WARN_UNUSED_FUNCTION = YES;
				GCC_WARN_UNUSED_VARIABLE = YES;
				IPHONEOS_DEPLOYMENT_TARGET = 15.0;
				MTL_ENABLE_DEBUG_INFO = NO;
				MTL_FAST_MATH = YES;
				SDKROOT = iphoneos;
				SWIFT_COMPILATION_MODE = wholemodule;
				SWIFT_OPTIMIZATION_LEVEL = "-O";
				VALIDATE_PRODUCT = YES;
			};
			name = Release;
		};
		2D31A91E2758E41B003DA1AD /* Debug */ = {
			isa = XCBuildConfiguration;
			baseConfigurationReference = 54AB64AAD953E1A1B34821DA /* Pods-WeatherApp.debug.xcconfig */;
			buildSettings = {
				ASSETCATALOG_COMPILER_APPICON_NAME = AppIcon;
				ASSETCATALOG_COMPILER_GLOBAL_ACCENT_COLOR_NAME = AccentColor;
				CODE_SIGN_IDENTITY = "Apple Development";
				CODE_SIGN_STYLE = Automatic;
				CURRENT_PROJECT_VERSION = 1;
				DEVELOPMENT_TEAM = "";
				GENERATE_INFOPLIST_FILE = YES;
				INFOPLIST_FILE = WeatherApp/Info.plist;
				INFOPLIST_KEY_UIApplicationSupportsIndirectInputEvents = YES;
				INFOPLIST_KEY_UILaunchStoryboardName = LaunchScreen;
				INFOPLIST_KEY_UIMainStoryboardFile = Main;
				INFOPLIST_KEY_UISupportedInterfaceOrientations_iPad = "UIInterfaceOrientationPortrait UIInterfaceOrientationPortraitUpsideDown UIInterfaceOrientationLandscapeLeft UIInterfaceOrientationLandscapeRight";
				INFOPLIST_KEY_UISupportedInterfaceOrientations_iPhone = "UIInterfaceOrientationPortrait UIInterfaceOrientationLandscapeLeft UIInterfaceOrientationLandscapeRight";
				LD_RUNPATH_SEARCH_PATHS = (
					"$(inherited)",
					"@executable_path/Frameworks",
				);
				MARKETING_VERSION = 1.0;
				PRODUCT_BUNDLE_IDENTIFIER = by.WeatherApp;
				PRODUCT_NAME = "$(TARGET_NAME)";
				PROVISIONING_PROFILE_SPECIFIER = "";
				SWIFT_EMIT_LOC_STRINGS = YES;
				SWIFT_VERSION = 5.0;
				TARGETED_DEVICE_FAMILY = "1,2";
			};
			name = Debug;
		};
		2D31A91F2758E41B003DA1AD /* Release */ = {
			isa = XCBuildConfiguration;
			baseConfigurationReference = A15C7B582B1D2EFF846F09DC /* Pods-WeatherApp.release.xcconfig */;
			buildSettings = {
				ASSETCATALOG_COMPILER_APPICON_NAME = AppIcon;
				ASSETCATALOG_COMPILER_GLOBAL_ACCENT_COLOR_NAME = AccentColor;
				CODE_SIGN_IDENTITY = "Apple Development";
				CODE_SIGN_STYLE = Automatic;
				CURRENT_PROJECT_VERSION = 1;
				DEVELOPMENT_TEAM = "";
				GENERATE_INFOPLIST_FILE = YES;
				INFOPLIST_FILE = WeatherApp/Info.plist;
				INFOPLIST_KEY_UIApplicationSupportsIndirectInputEvents = YES;
				INFOPLIST_KEY_UILaunchStoryboardName = LaunchScreen;
				INFOPLIST_KEY_UIMainStoryboardFile = Main;
				INFOPLIST_KEY_UISupportedInterfaceOrientations_iPad = "UIInterfaceOrientationPortrait UIInterfaceOrientationPortraitUpsideDown UIInterfaceOrientationLandscapeLeft UIInterfaceOrientationLandscapeRight";
				INFOPLIST_KEY_UISupportedInterfaceOrientations_iPhone = "UIInterfaceOrientationPortrait UIInterfaceOrientationLandscapeLeft UIInterfaceOrientationLandscapeRight";
				LD_RUNPATH_SEARCH_PATHS = (
					"$(inherited)",
					"@executable_path/Frameworks",
				);
				MARKETING_VERSION = 1.0;
				PRODUCT_BUNDLE_IDENTIFIER = by.WeatherApp;
				PRODUCT_NAME = "$(TARGET_NAME)";
				PROVISIONING_PROFILE_SPECIFIER = "";
				SWIFT_EMIT_LOC_STRINGS = YES;
				SWIFT_VERSION = 5.0;
				TARGETED_DEVICE_FAMILY = "1,2";
			};
			name = Release;
		};
/* End XCBuildConfiguration section */

/* Begin XCConfigurationList section */
		2D31A9042758E418003DA1AD /* Build configuration list for PBXProject "WeatherApp" */ = {
			isa = XCConfigurationList;
			buildConfigurations = (
				2D31A91B2758E41B003DA1AD /* Debug */,
				2D31A91C2758E41B003DA1AD /* Release */,
			);
			defaultConfigurationIsVisible = 0;
			defaultConfigurationName = Release;
		};
		2D31A91D2758E41B003DA1AD /* Build configuration list for PBXNativeTarget "WeatherApp" */ = {
			isa = XCConfigurationList;
			buildConfigurations = (
				2D31A91E2758E41B003DA1AD /* Debug */,
				2D31A91F2758E41B003DA1AD /* Release */,
			);
			defaultConfigurationIsVisible = 0;
			defaultConfigurationName = Release;
		};
/* End XCConfigurationList section */
	};
	rootObject = 2D31A9012758E418003DA1AD /* Project object */;
}
